
Microsoft Visual Studio Solution File, Format Version 12.00
# Visual Studio Version 17
VisualStudioVersion = 17.0.31903.59
MinimumVisualStudioVersion = 10.0.40219.1
Project("{2150E333-8FDC-42A3-9474-1A3956D46DE8}") = "Day3", "Day3", "{0D665604-C928-4F15-2E39-29EE6604C658}"
EndProject
Project("{FAE04EC0-301F-11D3-BF4B-00C04F79EFBC}") = "Day3a", "Day3a\Day3a.csproj", "{83065684-DAA5-4E54-8C0F-12A5C1DB01C1}"
EndProject
Project("{FAE04EC0-301F-11D3-BF4B-00C04F79EFBC}") = "Day3a.Tests", "Day3a.Tests\Day3a.Tests.csproj", "{146F8651-0CEA-40DA-93D7-8629922A1377}"
EndProject
Project("{FAE04EC0-301F-11D3-BF4B-00C04F79EFBC}") = "Day3b", "Day3b\Day3b.csproj", "{0339E169-CA7C-417D-A389-A1103757410F}"
EndProject
Project("{FAE04EC0-301F-11D3-BF4B-00C04F79EFBC}") = "Day3b.Tests", "Day3b.Tests\Day3b.Tests.csproj", "{2F776808-4CAE-4F38-98DA-786531CF4CC3}"
EndProject
Global
	GlobalSection(SolutionConfigurationPlatforms) = preSolution
		Debug|Any CPU = Debug|Any CPU
		Debug|x64 = Debug|x64
		Debug|x86 = Debug|x86
		Release|Any CPU = Release|Any CPU
		Release|x64 = Release|x64
		Release|x86 = Release|x86
	EndGlobalSection
	GlobalSection(ProjectConfigurationPlatforms) = postSolution
		{83065684-DAA5-4E54-8C0F-12A5C1DB01C1}.Debug|Any CPU.ActiveCfg = Debug|Any CPU
		{83065684-DAA5-4E54-8C0F-12A5C1DB01C1}.Debug|Any CPU.Build.0 = Debug|Any CPU
		{83065684-DAA5-4E54-8C0F-12A5C1DB01C1}.Debug|x64.ActiveCfg = Debug|Any CPU
		{83065684-DAA5-4E54-8C0F-12A5C1DB01C1}.Debug|x64.Build.0 = Debug|Any CPU
		{83065684-DAA5-4E54-8C0F-12A5C1DB01C1}.Debug|x86.ActiveCfg = Debug|Any CPU
		{83065684-DAA5-4E54-8C0F-12A5C1DB01C1}.Debug|x86.Build.0 = Debug|Any CPU
		{83065684-DAA5-4E54-8C0F-12A5C1DB01C1}.Release|Any CPU.ActiveCfg = Release|Any CPU
		{83065684-DAA5-4E54-8C0F-12A5C1DB01C1}.Release|Any CPU.Build.0 = Release|Any CPU
		{83065684-DAA5-4E54-8C0F-12A5C1DB01C1}.Release|x64.ActiveCfg = Release|Any CPU
		{83065684-DAA5-4E54-8C0F-12A5C1DB01C1}.Release|x64.Build.0 = Release|Any CPU
		{83065684-DAA5-4E54-8C0F-12A5C1DB01C1}.Release|x86.ActiveCfg = Release|Any CPU
		{83065684-DAA5-4E54-8C0F-12A5C1DB01C1}.Release|x86.Build.0 = Release|Any CPU
		{146F8651-0CEA-40DA-93D7-8629922A1377}.Debug|Any CPU.ActiveCfg = Debug|Any CPU
		{146F8651-0CEA-40DA-93D7-8629922A1377}.Debug|Any CPU.Build.0 = Debug|Any CPU
		{146F8651-0CEA-40DA-93D7-8629922A1377}.Debug|x64.ActiveCfg = Debug|Any CPU
		{146F8651-0CEA-40DA-93D7-8629922A1377}.Debug|x64.Build.0 = Debug|Any CPU
		{146F8651-0CEA-40DA-93D7-8629922A1377}.Debug|x86.ActiveCfg = Debug|Any CPU
		{146F8651-0CEA-40DA-93D7-8629922A1377}.Debug|x86.Build.0 = Debug|Any CPU
		{146F8651-0CEA-40DA-93D7-8629922A1377}.Release|Any CPU.ActiveCfg = Release|Any CPU
		{146F8651-0CEA-40DA-93D7-8629922A1377}.Release|Any CPU.Build.0 = Release|Any CPU
		{146F8651-0CEA-40DA-93D7-8629922A1377}.Release|x64.ActiveCfg = Release|Any CPU
		{146F8651-0CEA-40DA-93D7-8629922A1377}.Release|x64.Build.0 = Release|Any CPU
		{146F8651-0CEA-40DA-93D7-8629922A1377}.Release|x86.ActiveCfg = Release|Any CPU
		{146F8651-0CEA-40DA-93D7-8629922A1377}.Release|x86.Build.0 = Release|Any CPU
		{0339E169-CA7C-417D-A389-A1103757410F}.Debug|Any CPU.ActiveCfg = Debug|Any CPU
		{0339E169-CA7C-417D-A389-A1103757410F}.Debug|Any CPU.Build.0 = Debug|Any CPU
		{0339E169-CA7C-417D-A389-A1103757410F}.Debug|x64.ActiveCfg = Debug|Any CPU
		{0339E169-CA7C-417D-A389-A1103757410F}.Debug|x64.Build.0 = Debug|Any CPU
		{0339E169-CA7C-417D-A389-A1103757410F}.Debug|x86.ActiveCfg = Debug|Any CPU
		{0339E169-CA7C-417D-A389-A1103757410F}.Debug|x86.Build.0 = Debug|Any CPU
		{0339E169-CA7C-417D-A389-A1103757410F}.Release|Any CPU.ActiveCfg = Release|Any CPU
		{0339E169-CA7C-417D-A389-A1103757410F}.Release|Any CPU.Build.0 = Release|Any CPU
		{0339E169-CA7C-417D-A389-A1103757410F}.Release|x64.ActiveCfg = Release|Any CPU
		{0339E169-CA7C-417D-A389-A1103757410F}.Release|x64.Build.0 = Release|Any CPU
		{0339E169-CA7C-417D-A389-A1103757410F}.Release|x86.ActiveCfg = Release|Any CPU
		{0339E169-CA7C-417D-A389-A1103757410F}.Release|x86.Build.0 = Release|Any CPU
		{2F776808-4CAE-4F38-98DA-786531CF4CC3}.Debug|Any CPU.ActiveCfg = Debug|Any CPU
		{2F776808-4CAE-4F38-98DA-786531CF4CC3}.Debug|Any CPU.Build.0 = Debug|Any CPU
		{2F776808-4CAE-4F38-98DA-786531CF4CC3}.Debug|x64.ActiveCfg = Debug|Any CPU
		{2F776808-4CAE-4F38-98DA-786531CF4CC3}.Debug|x64.Build.0 = Debug|Any CPU
		{2F776808-4CAE-4F38-98DA-786531CF4CC3}.Debug|x86.ActiveCfg = Debug|Any CPU
		{2F776808-4CAE-4F38-98DA-786531CF4CC3}.Debug|x86.Build.0 = Debug|Any CPU
		{2F776808-4CAE-4F38-98DA-786531CF4CC3}.Release|Any CPU.ActiveCfg = Release|Any CPU
		{2F776808-4CAE-4F38-98DA-786531CF4CC3}.Release|Any CPU.Build.0 = Release|Any CPU
		{2F776808-4CAE-4F38-98DA-786531CF4CC3}.Release|x64.ActiveCfg = Release|Any CPU
		{2F776808-4CAE-4F38-98DA-786531CF4CC3}.Release|x64.Build.0 = Release|Any CPU
		{2F776808-4CAE-4F38-98DA-786531CF4CC3}.Release|x86.ActiveCfg = Release|Any CPU
		{2F776808-4CAE-4F38-98DA-786531CF4CC3}.Release|x86.Build.0 = Release|Any CPU
	EndGlobalSection
	GlobalSection(SolutionProperties) = preSolution
		HideSolutionNode = FALSE
	EndGlobalSection
	GlobalSection(NestedProjects) = preSolution
		{83065684-DAA5-4E54-8C0F-12A5C1DB01C1} = {0D665604-C928-4F15-2E39-29EE6604C658}
		{146F8651-0CEA-40DA-93D7-8629922A1377} = {0D665604-C928-4F15-2E39-29EE6604C658}
		{0339E169-CA7C-417D-A389-A1103757410F} = {0D665604-C928-4F15-2E39-29EE6604C658}
		{2F776808-4CAE-4F38-98DA-786531CF4CC3} = {0D665604-C928-4F15-2E39-29EE6604C658}
	EndGlobalSection
EndGlobal
